
Microsoft Visual Studio Solution File, Format Version 12.00
# Visual Studio Version 17
VisualStudioVersion = 17.2.32616.157
MinimumVisualStudioVersion = 10.0.40219.1
Project("{9A19103F-16F7-4668-BE54-9A1E7A4F7556}") = "KookBotCraft.Bot", "KookBotCraft.Bot\KookBotCraft.Bot.csproj", "{DD0E3457-AF26-4B90-8DE8-8C69CE96596D}"
EndProject
Project("{9A19103F-16F7-4668-BE54-9A1E7A4F7556}") = "KookBotCraft.Core", "KookBotCraft.Core\KookBotCraft.Core.csproj", "{D66C3933-A088-4A94-9BD1-58B30775E26C}"
EndProject
Project("{9A19103F-16F7-4668-BE54-9A1E7A4F7556}") = "KookBotCraft.Application", "KookBotCraft.Application\KookBotCraft.Application.csproj", "{F094480F-3BF0-4B3D-B6CC-669EA8FC24D8}"
EndProject
Project("{9A19103F-16F7-4668-BE54-9A1E7A4F7556}") = "KookBotCraft.Database", "KookBotCraft.Database\KookBotCraft.Database.csproj", "{D89002C2-DF2E-45BB-9D05-AF3E89B23CFE}"
EndProject
Project("{FAE04EC0-301F-11D3-BF4B-00C04F79EFBC}") = "KookBotCraft.Entity", "KookBorCraft.Entity\KookBotCraft.Entity.csproj", "{637B97C9-E7D5-4E92-AE3A-11F09EE24C1A}"
EndProject
Global
	GlobalSection(SolutionConfigurationPlatforms) = preSolution
		Debug|Any CPU = Debug|Any CPU
		Release|Any CPU = Release|Any CPU
	EndGlobalSection
	GlobalSection(ProjectConfigurationPlatforms) = postSolution
		{DD0E3457-AF26-4B90-8DE8-8C69CE96596D}.Debug|Any CPU.ActiveCfg = Debug|Any CPU
		{DD0E3457-AF26-4B90-8DE8-8C69CE96596D}.Debug|Any CPU.Build.0 = Debug|Any CPU
		{DD0E3457-AF26-4B90-8DE8-8C69CE96596D}.Release|Any CPU.ActiveCfg = Release|Any CPU
		{DD0E3457-AF26-4B90-8DE8-8C69CE96596D}.Release|Any CPU.Build.0 = Release|Any CPU
		{D66C3933-A088-4A94-9BD1-58B30775E26C}.Debug|Any CPU.ActiveCfg = Debug|Any CPU
		{D66C3933-A088-4A94-9BD1-58B30775E26C}.Debug|Any CPU.Build.0 = Debug|Any CPU
		{D66C3933-A088-4A94-9BD1-58B30775E26C}.Release|Any CPU.ActiveCfg = Release|Any CPU
		{D66C3933-A088-4A94-9BD1-58B30775E26C}.Release|Any CPU.Build.0 = Release|Any CPU
		{F094480F-3BF0-4B3D-B6CC-669EA8FC24D8}.Debug|Any CPU.ActiveCfg = Debug|Any CPU
		{F094480F-3BF0-4B3D-B6CC-669EA8FC24D8}.Debug|Any CPU.Build.0 = Debug|Any CPU
		{F094480F-3BF0-4B3D-B6CC-669EA8FC24D8}.Release|Any CPU.ActiveCfg = Release|Any CPU
		{F094480F-3BF0-4B3D-B6CC-669EA8FC24D8}.Release|Any CPU.Build.0 = Release|Any CPU
		{D89002C2-DF2E-45BB-9D05-AF3E89B23CFE}.Debug|Any CPU.ActiveCfg = Debug|Any CPU
		{D89002C2-DF2E-45BB-9D05-AF3E89B23CFE}.Debug|Any CPU.Build.0 = Debug|Any CPU
		{D89002C2-DF2E-45BB-9D05-AF3E89B23CFE}.Release|Any CPU.ActiveCfg = Release|Any CPU
		{D89002C2-DF2E-45BB-9D05-AF3E89B23CFE}.Release|Any CPU.Build.0 = Release|Any CPU
		{637B97C9-E7D5-4E92-AE3A-11F09EE24C1A}.Debug|Any CPU.ActiveCfg = Debug|Any CPU
		{637B97C9-E7D5-4E92-AE3A-11F09EE24C1A}.Debug|Any CPU.Build.0 = Debug|Any CPU
		{637B97C9-E7D5-4E92-AE3A-11F09EE24C1A}.Release|Any CPU.ActiveCfg = Release|Any CPU
		{637B97C9-E7D5-4E92-AE3A-11F09EE24C1A}.Release|Any CPU.Build.0 = Release|Any CPU
	EndGlobalSection
	GlobalSection(SolutionProperties) = preSolution
		HideSolutionNode = FALSE
	EndGlobalSection
	GlobalSection(ExtensibilityGlobals) = postSolution
		SolutionGuid = {7065BBAF-373C-4C62-880A-54A8513A9902}
	EndGlobalSection
EndGlobal
